
Microsoft Visual Studio Solution File, Format Version 12.00
# Visual Studio 15
VisualStudioVersion = 15.0.27004.2009
MinimumVisualStudioVersion = 10.0.40219.1
Project("{9A19103F-16F7-4668-BE54-9A1E7A4F7556}") = "ZenScrumWebApi", "ZenScrumWebApi\ZenScrumWebApi.csproj", "{44711972-42DF-49C4-8BDE-BCB3CD7A2CAF}"
EndProject
Project("{2150E333-8FDC-42A3-9474-1A3956D46DE8}") = "Tests", "Tests", "{FE2A7C34-D7DE-4239-9409-AA36FAF769BB}"
EndProject
Project("{9A19103F-16F7-4668-BE54-9A1E7A4F7556}") = "UserManagerServiceTest", "Tests\UserManagerServiceTest\UserManagerServiceTest.csproj", "{F04AABCA-6286-49B3-B263-75BD673961F3}"
EndProject
Project("{9A19103F-16F7-4668-BE54-9A1E7A4F7556}") = "ZenScrumWebApiTests", "Tests\ZenScrumWebApiTests\ZenScrumWebApiTests.csproj", "{E7E3D336-9B54-405D-B4D1-D0DCA6900780}"
EndProject
Project("{2150E333-8FDC-42A3-9474-1A3956D46DE8}") = "Services", "Services", "{3226EB0B-5FA3-4285-95A8-2686EC87D556}"
EndProject
Project("{9A19103F-16F7-4668-BE54-9A1E7A4F7556}") = "UserManager", "Services\UserManager\UserManager.csproj", "{6DAA2461-03A3-483F-9ECC-9694F7A4DAC8}"
EndProject
Project("{9A19103F-16F7-4668-BE54-9A1E7A4F7556}") = "Domain", "Services\Domain\Domain.csproj", "{A19973BA-C0D5-4877-8A2F-A69E191CFCC1}"
EndProject
Project("{9A19103F-16F7-4668-BE54-9A1E7A4F7556}") = "DataRepository", "Services\DataRepository\DataRepository.csproj", "{28807224-E55C-412A-A046-A73E4CBA7F30}"
EndProject
Project("{FAE04EC0-301F-11D3-BF4B-00C04F79EFBC}") = "ZenScrumCore", "Services\ZenScrumCore\ClassLibrary1\ZenScrumCore.csproj", "{1CC91A93-C39A-4430-8FFE-38C937455686}"
EndProject
Global
	GlobalSection(SolutionConfigurationPlatforms) = preSolution
		Debug|Any CPU = Debug|Any CPU
		Release|Any CPU = Release|Any CPU
	EndGlobalSection
	GlobalSection(ProjectConfigurationPlatforms) = postSolution
		{44711972-42DF-49C4-8BDE-BCB3CD7A2CAF}.Debug|Any CPU.ActiveCfg = Debug|Any CPU
		{44711972-42DF-49C4-8BDE-BCB3CD7A2CAF}.Debug|Any CPU.Build.0 = Debug|Any CPU
		{44711972-42DF-49C4-8BDE-BCB3CD7A2CAF}.Release|Any CPU.ActiveCfg = Release|Any CPU
		{44711972-42DF-49C4-8BDE-BCB3CD7A2CAF}.Release|Any CPU.Build.0 = Release|Any CPU
		{F04AABCA-6286-49B3-B263-75BD673961F3}.Debug|Any CPU.ActiveCfg = Debug|Any CPU
		{F04AABCA-6286-49B3-B263-75BD673961F3}.Debug|Any CPU.Build.0 = Debug|Any CPU
		{F04AABCA-6286-49B3-B263-75BD673961F3}.Release|Any CPU.ActiveCfg = Release|Any CPU
		{F04AABCA-6286-49B3-B263-75BD673961F3}.Release|Any CPU.Build.0 = Release|Any CPU
		{E7E3D336-9B54-405D-B4D1-D0DCA6900780}.Debug|Any CPU.ActiveCfg = Debug|Any CPU
		{E7E3D336-9B54-405D-B4D1-D0DCA6900780}.Debug|Any CPU.Build.0 = Debug|Any CPU
		{E7E3D336-9B54-405D-B4D1-D0DCA6900780}.Release|Any CPU.ActiveCfg = Release|Any CPU
		{E7E3D336-9B54-405D-B4D1-D0DCA6900780}.Release|Any CPU.Build.0 = Release|Any CPU
		{6DAA2461-03A3-483F-9ECC-9694F7A4DAC8}.Debug|Any CPU.ActiveCfg = Debug|Any CPU
		{6DAA2461-03A3-483F-9ECC-9694F7A4DAC8}.Debug|Any CPU.Build.0 = Debug|Any CPU
		{6DAA2461-03A3-483F-9ECC-9694F7A4DAC8}.Release|Any CPU.ActiveCfg = Release|Any CPU
		{6DAA2461-03A3-483F-9ECC-9694F7A4DAC8}.Release|Any CPU.Build.0 = Release|Any CPU
		{A19973BA-C0D5-4877-8A2F-A69E191CFCC1}.Debug|Any CPU.ActiveCfg = Debug|Any CPU
		{A19973BA-C0D5-4877-8A2F-A69E191CFCC1}.Debug|Any CPU.Build.0 = Debug|Any CPU
		{A19973BA-C0D5-4877-8A2F-A69E191CFCC1}.Release|Any CPU.ActiveCfg = Release|Any CPU
		{A19973BA-C0D5-4877-8A2F-A69E191CFCC1}.Release|Any CPU.Build.0 = Release|Any CPU
		{28807224-E55C-412A-A046-A73E4CBA7F30}.Debug|Any CPU.ActiveCfg = Debug|Any CPU
		{28807224-E55C-412A-A046-A73E4CBA7F30}.Debug|Any CPU.Build.0 = Debug|Any CPU
		{28807224-E55C-412A-A046-A73E4CBA7F30}.Release|Any CPU.ActiveCfg = Release|Any CPU
		{28807224-E55C-412A-A046-A73E4CBA7F30}.Release|Any CPU.Build.0 = Release|Any CPU
		{1CC91A93-C39A-4430-8FFE-38C937455686}.Debug|Any CPU.ActiveCfg = Debug|Any CPU
		{1CC91A93-C39A-4430-8FFE-38C937455686}.Debug|Any CPU.Build.0 = Debug|Any CPU
		{1CC91A93-C39A-4430-8FFE-38C937455686}.Release|Any CPU.ActiveCfg = Release|Any CPU
		{1CC91A93-C39A-4430-8FFE-38C937455686}.Release|Any CPU.Build.0 = Release|Any CPU
	EndGlobalSection
	GlobalSection(SolutionProperties) = preSolution
		HideSolutionNode = FALSE
	EndGlobalSection
	GlobalSection(NestedProjects) = preSolution
		{F04AABCA-6286-49B3-B263-75BD673961F3} = {FE2A7C34-D7DE-4239-9409-AA36FAF769BB}
		{E7E3D336-9B54-405D-B4D1-D0DCA6900780} = {FE2A7C34-D7DE-4239-9409-AA36FAF769BB}
		{6DAA2461-03A3-483F-9ECC-9694F7A4DAC8} = {3226EB0B-5FA3-4285-95A8-2686EC87D556}
		{A19973BA-C0D5-4877-8A2F-A69E191CFCC1} = {3226EB0B-5FA3-4285-95A8-2686EC87D556}
		{28807224-E55C-412A-A046-A73E4CBA7F30} = {3226EB0B-5FA3-4285-95A8-2686EC87D556}
		{1CC91A93-C39A-4430-8FFE-38C937455686} = {3226EB0B-5FA3-4285-95A8-2686EC87D556}
	EndGlobalSection
	GlobalSection(ExtensibilityGlobals) = postSolution
		SolutionGuid = {5BDF2675-1669-4A72-AB5A-41E72F5F9E1A}
	EndGlobalSection
EndGlobal
